
Microsoft Visual Studio Solution File, Format Version 12.00
# Visual Studio Version 16
VisualStudioVersion = 16.0.29509.3
MinimumVisualStudioVersion = 10.0.40219.1
Project("{FAE04EC0-301F-11D3-BF4B-00C04F79EFBC}") = "EchoBot", "EchoBot\EchoBot.csproj", "{72BB09DD-D96F-4D86-890D-6462FA42E07C}"
EndProject
Global
	GlobalSection(SolutionConfigurationPlatforms) = preSolution
		Debug|Any CPU = Debug|Any CPU
		Release|Any CPU = Release|Any CPU
	EndGlobalSection
	GlobalSection(ProjectConfigurationPlatforms) = postSolution
		{72BB09DD-D96F-4D86-890D-6462FA42E07C}.Debug|Any CPU.ActiveCfg = Debug|Any CPU
		{72BB09DD-D96F-4D86-890D-6462FA42E07C}.Debug|Any CPU.Build.0 = Debug|Any CPU
		{72BB09DD-D96F-4D86-890D-6462FA42E07C}.Release|Any CPU.ActiveCfg = Release|Any CPU
		{72BB09DD-D96F-4D86-890D-6462FA42E07C}.Release|Any CPU.Build.0 = Release|Any CPU
	EndGlobalSection
	GlobalSection(SolutionProperties) = preSolution
		HideSolutionNode = FALSE
	EndGlobalSection
	GlobalSection(ExtensibilityGlobals) = postSolution
		SolutionGuid = {CF9064A0-4CD5-470A-9F10-281868BF5F0E}
	EndGlobalSection
EndGlobal
